
Microsoft Visual Studio Solution File, Format Version 12.00
# Visual Studio 15
VisualStudioVersion = 15.0.28307.757
MinimumVisualStudioVersion = 10.0.40219.1
Project("{9A19103F-16F7-4668-BE54-9A1E7A4F7556}") = "CoreKit.Test", "CoreKit.Test\CoreKit.Test.csproj", "{EE546900-F6CC-491D-8D37-0545D9F4943B}"
EndProject
Project("{FAE04EC0-301F-11D3-BF4B-00C04F79EFBC}") = "CoreKit.Extensions", "CoreKit.Extensions\CoreKit.Extensions.csproj", "{6F98170C-F298-4C65-B449-56361BBC9809}"
EndProject
Project("{FAE04EC0-301F-11D3-BF4B-00C04F79EFBC}") = "CoreKit.Caching", "CoreKit.Caching\CoreKit.Caching.csproj", "{0AF08754-F84F-448A-B72F-50E93E55EC20}"
EndProject
Project("{FAE04EC0-301F-11D3-BF4B-00C04F79EFBC}") = "CoreKit.Connectivity", "CoreKit.Connectivity\CoreKit.Connectivity.csproj", "{4381748D-2199-4D10-823D-BF7D6073DCE8}"
EndProject
Global
	GlobalSection(SolutionConfigurationPlatforms) = preSolution
		Debug|Any CPU = Debug|Any CPU
		Release|Any CPU = Release|Any CPU
	EndGlobalSection
	GlobalSection(ProjectConfigurationPlatforms) = postSolution
		{EE546900-F6CC-491D-8D37-0545D9F4943B}.Debug|Any CPU.ActiveCfg = Debug|Any CPU
		{EE546900-F6CC-491D-8D37-0545D9F4943B}.Debug|Any CPU.Build.0 = Debug|Any CPU
		{EE546900-F6CC-491D-8D37-0545D9F4943B}.Release|Any CPU.ActiveCfg = Release|Any CPU
		{EE546900-F6CC-491D-8D37-0545D9F4943B}.Release|Any CPU.Build.0 = Release|Any CPU
		{6F98170C-F298-4C65-B449-56361BBC9809}.Debug|Any CPU.ActiveCfg = Debug|Any CPU
		{6F98170C-F298-4C65-B449-56361BBC9809}.Debug|Any CPU.Build.0 = Debug|Any CPU
		{6F98170C-F298-4C65-B449-56361BBC9809}.Release|Any CPU.ActiveCfg = Release|Any CPU
		{6F98170C-F298-4C65-B449-56361BBC9809}.Release|Any CPU.Build.0 = Release|Any CPU
		{0AF08754-F84F-448A-B72F-50E93E55EC20}.Debug|Any CPU.ActiveCfg = Debug|Any CPU
		{0AF08754-F84F-448A-B72F-50E93E55EC20}.Debug|Any CPU.Build.0 = Debug|Any CPU
		{0AF08754-F84F-448A-B72F-50E93E55EC20}.Release|Any CPU.ActiveCfg = Release|Any CPU
		{0AF08754-F84F-448A-B72F-50E93E55EC20}.Release|Any CPU.Build.0 = Release|Any CPU
		{4381748D-2199-4D10-823D-BF7D6073DCE8}.Debug|Any CPU.ActiveCfg = Debug|Any CPU
		{4381748D-2199-4D10-823D-BF7D6073DCE8}.Debug|Any CPU.Build.0 = Debug|Any CPU
		{4381748D-2199-4D10-823D-BF7D6073DCE8}.Release|Any CPU.ActiveCfg = Release|Any CPU
		{4381748D-2199-4D10-823D-BF7D6073DCE8}.Release|Any CPU.Build.0 = Release|Any CPU
	EndGlobalSection
	GlobalSection(SolutionProperties) = preSolution
		HideSolutionNode = FALSE
	EndGlobalSection
	GlobalSection(ExtensibilityGlobals) = postSolution
		SolutionGuid = {C4E51BFC-3B1E-4AD6-AEDE-98CADBFBF566}
	EndGlobalSection
EndGlobal
