
Microsoft Visual Studio Solution File, Format Version 12.00
# Visual Studio 15
VisualStudioVersion = 15.0.28307.757
MinimumVisualStudioVersion = 10.0.40219.1
Project("{9A19103F-16F7-4668-BE54-9A1E7A4F7556}") = "CoreKit.Test", "CoreKit.Test\CoreKit.Test.csproj", "{EE546900-F6CC-491D-8D37-0545D9F4943B}"
EndProject
Project("{9A19103F-16F7-4668-BE54-9A1E7A4F7556}") = "CoreKit.Caching", "CoreKit.Caching\CoreKit.Caching.csproj", "{0AF08754-F84F-448A-B72F-50E93E55EC20}"
EndProject
Project("{9A19103F-16F7-4668-BE54-9A1E7A4F7556}") = "CoreKit.Connectivity.SMTP", "CoreKit.Connectivity.SMTP\CoreKit.Connectivity.SMTP.csproj", "{F17742A3-A78A-44D9-A7C5-FACB4B08FFF6}"
EndProject
Project("{9A19103F-16F7-4668-BE54-9A1E7A4F7556}") = "CoreKit.Extension", "CoreKit.Extension\CoreKit.Extension.csproj", "{CF0F1AF7-BFED-4B9F-9554-1AF94DE9EEE3}"
EndProject
Project("{9A19103F-16F7-4668-BE54-9A1E7A4F7556}") = "CoreKit.Cryptography.PBKDF2", "CoreKit.Cryptography.PBKDF2\CoreKit.Cryptography.PBKDF2.csproj", "{782A2B59-88B4-4BDA-B64E-E2BB5854FE0C}"
EndProject
Project("{9A19103F-16F7-4668-BE54-9A1E7A4F7556}") = "CoreKit.Connectivity.HTTP", "CoreKit.Connectivity.HTTP\CoreKit.Connectivity.HTTP.csproj", "{9B866E5E-57A8-4A37-B55A-ABB8B578B726}"
EndProject
Project("{9A19103F-16F7-4668-BE54-9A1E7A4F7556}") = "CoreKit.Sync", "CoreKit.Sync\CoreKit.Sync.csproj", "{DC0DBC4D-1659-45CE-B984-8E258585ED92}"
EndProject
Global
	GlobalSection(SolutionConfigurationPlatforms) = preSolution
		Debug|Any CPU = Debug|Any CPU
		Release|Any CPU = Release|Any CPU
	EndGlobalSection
	GlobalSection(ProjectConfigurationPlatforms) = postSolution
		{EE546900-F6CC-491D-8D37-0545D9F4943B}.Debug|Any CPU.ActiveCfg = Debug|Any CPU
		{EE546900-F6CC-491D-8D37-0545D9F4943B}.Debug|Any CPU.Build.0 = Debug|Any CPU
		{EE546900-F6CC-491D-8D37-0545D9F4943B}.Release|Any CPU.ActiveCfg = Release|Any CPU
		{EE546900-F6CC-491D-8D37-0545D9F4943B}.Release|Any CPU.Build.0 = Release|Any CPU
		{0AF08754-F84F-448A-B72F-50E93E55EC20}.Debug|Any CPU.ActiveCfg = Debug|Any CPU
		{0AF08754-F84F-448A-B72F-50E93E55EC20}.Debug|Any CPU.Build.0 = Debug|Any CPU
		{0AF08754-F84F-448A-B72F-50E93E55EC20}.Release|Any CPU.ActiveCfg = Release|Any CPU
		{0AF08754-F84F-448A-B72F-50E93E55EC20}.Release|Any CPU.Build.0 = Release|Any CPU
		{F17742A3-A78A-44D9-A7C5-FACB4B08FFF6}.Debug|Any CPU.ActiveCfg = Debug|Any CPU
		{F17742A3-A78A-44D9-A7C5-FACB4B08FFF6}.Debug|Any CPU.Build.0 = Debug|Any CPU
		{F17742A3-A78A-44D9-A7C5-FACB4B08FFF6}.Release|Any CPU.ActiveCfg = Release|Any CPU
		{F17742A3-A78A-44D9-A7C5-FACB4B08FFF6}.Release|Any CPU.Build.0 = Release|Any CPU
		{CF0F1AF7-BFED-4B9F-9554-1AF94DE9EEE3}.Debug|Any CPU.ActiveCfg = Debug|Any CPU
		{CF0F1AF7-BFED-4B9F-9554-1AF94DE9EEE3}.Debug|Any CPU.Build.0 = Debug|Any CPU
		{CF0F1AF7-BFED-4B9F-9554-1AF94DE9EEE3}.Release|Any CPU.ActiveCfg = Release|Any CPU
		{CF0F1AF7-BFED-4B9F-9554-1AF94DE9EEE3}.Release|Any CPU.Build.0 = Release|Any CPU
		{782A2B59-88B4-4BDA-B64E-E2BB5854FE0C}.Debug|Any CPU.ActiveCfg = Debug|Any CPU
		{782A2B59-88B4-4BDA-B64E-E2BB5854FE0C}.Debug|Any CPU.Build.0 = Debug|Any CPU
		{782A2B59-88B4-4BDA-B64E-E2BB5854FE0C}.Release|Any CPU.ActiveCfg = Release|Any CPU
		{782A2B59-88B4-4BDA-B64E-E2BB5854FE0C}.Release|Any CPU.Build.0 = Release|Any CPU
		{9B866E5E-57A8-4A37-B55A-ABB8B578B726}.Debug|Any CPU.ActiveCfg = Debug|Any CPU
		{9B866E5E-57A8-4A37-B55A-ABB8B578B726}.Debug|Any CPU.Build.0 = Debug|Any CPU
		{9B866E5E-57A8-4A37-B55A-ABB8B578B726}.Release|Any CPU.ActiveCfg = Release|Any CPU
		{9B866E5E-57A8-4A37-B55A-ABB8B578B726}.Release|Any CPU.Build.0 = Release|Any CPU
		{DC0DBC4D-1659-45CE-B984-8E258585ED92}.Debug|Any CPU.ActiveCfg = Debug|Any CPU
		{DC0DBC4D-1659-45CE-B984-8E258585ED92}.Debug|Any CPU.Build.0 = Debug|Any CPU
		{DC0DBC4D-1659-45CE-B984-8E258585ED92}.Release|Any CPU.ActiveCfg = Release|Any CPU
		{DC0DBC4D-1659-45CE-B984-8E258585ED92}.Release|Any CPU.Build.0 = Release|Any CPU
	EndGlobalSection
	GlobalSection(SolutionProperties) = preSolution
		HideSolutionNode = FALSE
	EndGlobalSection
	GlobalSection(ExtensibilityGlobals) = postSolution
		SolutionGuid = {C4E51BFC-3B1E-4AD6-AEDE-98CADBFBF566}
	EndGlobalSection
EndGlobal
